# This file is automatically @generated by Cargo.
# It is not intended for manual editing.
version = 4

[[package]]
name = "lute-prebuilts-linux"
version = "0.1.0"
dependencies = [
 "lute-src-rs-common",
]

[[package]]
name = "lute-src-rs-common"
version = "0.1.0"
source = "git+https://github.com/mluau/lute-src-rs-common#579f84156ff52f993377ab6ae5d2b4540efb24a5"
